
Microsoft Visual Studio Solution File, Format Version 12.00
# Visual Studio Version 17
VisualStudioVersion = 17.9.34728.123
MinimumVisualStudioVersion = 10.0.40219.1
Project("{FAE04EC0-301F-11D3-BF4B-00C04F79EFBC}") = "Student_Management_System", "Student_Management_System\Student_Management_System.csproj", "{6FA72E40-CF72-49E0-A973-864FB7467A1E}"
EndProject
Global
	GlobalSection(SolutionConfigurationPlatforms) = preSolution
		Debug|Any CPU = Debug|Any CPU
		Release|Any CPU = Release|Any CPU
	EndGlobalSection
	GlobalSection(ProjectConfigurationPlatforms) = postSolution
		{6FA72E40-CF72-49E0-A973-864FB7467A1E}.Debug|Any CPU.ActiveCfg = Debug|Any CPU
		{6FA72E40-CF72-49E0-A973-864FB7467A1E}.Debug|Any CPU.Build.0 = Debug|Any CPU
		{6FA72E40-CF72-49E0-A973-864FB7467A1E}.Release|Any CPU.ActiveCfg = Release|Any CPU
		{6FA72E40-CF72-49E0-A973-864FB7467A1E}.Release|Any CPU.Build.0 = Release|Any CPU
	EndGlobalSection
	GlobalSection(SolutionProperties) = preSolution
		HideSolutionNode = FALSE
	EndGlobalSection
	GlobalSection(ExtensibilityGlobals) = postSolution
		SolutionGuid = {FED523EB-E137-49FD-838E-70044009E85B}
	EndGlobalSection
EndGlobal
